
Microsoft Visual Studio Solution File, Format Version 12.00
# Visual Studio Version 16
VisualStudioVersion = 16.0.31515.178
MinimumVisualStudioVersion = 10.0.40219.1
Project("{FAE04EC0-301F-11D3-BF4B-00C04F79EFBC}") = "AreaLibrary", "AreaLibrary\AreaLibrary.csproj", "{2B79C0CD-1428-4557-9BE6-BA0968E88E2F}"
EndProject
Project("{FAE04EC0-301F-11D3-BF4B-00C04F79EFBC}") = "AreaLibraryTests", "AreaLibraryTests\AreaLibraryTests.csproj", "{5B4BA8D6-7903-4B87-AF28-9D59B7F3D2CB}"
EndProject
Global
	GlobalSection(SolutionConfigurationPlatforms) = preSolution
		Debug|Any CPU = Debug|Any CPU
		Release|Any CPU = Release|Any CPU
	EndGlobalSection
	GlobalSection(ProjectConfigurationPlatforms) = postSolution
		{2B79C0CD-1428-4557-9BE6-BA0968E88E2F}.Debug|Any CPU.ActiveCfg = Debug|Any CPU
		{2B79C0CD-1428-4557-9BE6-BA0968E88E2F}.Debug|Any CPU.Build.0 = Debug|Any CPU
		{2B79C0CD-1428-4557-9BE6-BA0968E88E2F}.Release|Any CPU.ActiveCfg = Release|Any CPU
		{2B79C0CD-1428-4557-9BE6-BA0968E88E2F}.Release|Any CPU.Build.0 = Release|Any CPU
		{5B4BA8D6-7903-4B87-AF28-9D59B7F3D2CB}.Debug|Any CPU.ActiveCfg = Debug|Any CPU
		{5B4BA8D6-7903-4B87-AF28-9D59B7F3D2CB}.Debug|Any CPU.Build.0 = Debug|Any CPU
		{5B4BA8D6-7903-4B87-AF28-9D59B7F3D2CB}.Release|Any CPU.ActiveCfg = Release|Any CPU
		{5B4BA8D6-7903-4B87-AF28-9D59B7F3D2CB}.Release|Any CPU.Build.0 = Release|Any CPU
	EndGlobalSection
	GlobalSection(SolutionProperties) = preSolution
		HideSolutionNode = FALSE
	EndGlobalSection
	GlobalSection(ExtensibilityGlobals) = postSolution
		SolutionGuid = {D9B07A30-DA13-4A4D-8A2B-AE680CA65772}
	EndGlobalSection
EndGlobal
